// !$*UTF8*$!
{
	archiveVersion = 1;
	classes = {
	};
	objectVersion = 50;
	objects = {

/* Begin PBXBuildFile section */
		F40D518C263B392E00060577 /* main.m in Sources */ = {isa = PBXBuildFile; fileRef = F40D518B263B392E00060577 /* main.m */; };
		F40D5198263B397E00060577 /* SerialDevice.m in Sources */ = {isa = PBXBuildFile; fileRef = F40D5197263B397E00060577 /* SerialDevice.m */; };
		F40D519B263B4D4100060577 /* Radio.m in Sources */ = {isa = PBXBuildFile; fileRef = F40D519A263B4D4100060577 /* Radio.m */; };
		F40D519E263B4EF000060577 /* Settings.m in Sources */ = {isa = PBXBuildFile; fileRef = F40D519D263B4EF000060577 /* Settings.m */; };
		F40D51A1263B4F3600060577 /* SettingsFactory.m in Sources */ = {isa = PBXBuildFile; fileRef = F40D51A0263B4F3600060577 /* SettingsFactory.m */; };
/* End PBXBuildFile section */

/* Begin PBXCopyFilesBuildPhase section */
		F40D5186263B392E00060577 /* CopyFiles */ = {
			isa = PBXCopyFilesBuildPhase;
			buildActionMask = 2147483647;
			dstPath = /usr/share/man/man1/;
			dstSubfolderSpec = 0;
			files = (
			);
			runOnlyForDeploymentPostprocessing = 1;
		};
/* End PBXCopyFilesBuildPhase section */

/* Begin PBXFileReference section */
		F40D5188263B392E00060577 /* winradio */ = {isa = PBXFileReference; explicitFileType = "compiled.mach-o.executable"; includeInIndex = 0; path = winradio; sourceTree = BUILT_PRODUCTS_DIR; };
		F40D518B263B392E00060577 /* main.m */ = {isa = PBXFileReference; lastKnownFileType = sourcecode.c.objc; path = main.m; sourceTree = "<group>"; };
		F40D5196263B397E00060577 /* SerialDevice.h */ = {isa = PBXFileReference; lastKnownFileType = sourcecode.c.h; path = SerialDevice.h; sourceTree = "<group>"; };
		F40D5197263B397E00060577 /* SerialDevice.m */ = {isa = PBXFileReference; lastKnownFileType = sourcecode.c.objc; path = SerialDevice.m; sourceTree = "<group>"; };
		F40D5199263B4D4100060577 /* Radio.h */ = {isa = PBXFileReference; lastKnownFileType = sourcecode.c.h; path = Radio.h; sourceTree = "<group>"; };
		F40D519A263B4D4100060577 /* Radio.m */ = {isa = PBXFileReference; lastKnownFileType = sourcecode.c.objc; path = Radio.m; sourceTree = "<group>"; };
		F40D519C263B4EF000060577 /* Settings.h */ = {isa = PBXFileReference; lastKnownFileType = sourcecode.c.h; path = Settings.h; sourceTree = "<group>"; };
		F40D519D263B4EF000060577 /* Settings.m */ = {isa = PBXFileReference; lastKnownFileType = sourcecode.c.objc; path = Settings.m; sourceTree = "<group>"; };
		F40D519F263B4F3600060577 /* SettingsFactory.h */ = {isa = PBXFileReference; lastKnownFileType = sourcecode.c.h; path = SettingsFactory.h; sourceTree = "<group>"; };
		F40D51A0263B4F3600060577 /* SettingsFactory.m */ = {isa = PBXFileReference; lastKnownFileType = sourcecode.c.objc; path = SettingsFactory.m; sourceTree = "<group>"; };
		F40D51A2263B548100060577 /* DeviceProtocol.h */ = {isa = PBXFileReference; lastKnownFileType = sourcecode.c.h; path = DeviceProtocol.h; sourceTree = "<group>"; };
/* End PBXFileReference section */

/* Begin PBXFrameworksBuildPhase section */
		F40D5185263B392E00060577 /* Frameworks */ = {
			isa = PBXFrameworksBuildPhase;
			buildActionMask = 2147483647;
			files = (
			);
			runOnlyForDeploymentPostprocessing = 0;
		};
/* End PBXFrameworksBuildPhase section */

/* Begin PBXGroup section */
		F40D517F263B392D00060577 = {
			isa = PBXGroup;
			children = (
				F40D518A263B392E00060577 /* winradio */,
				F40D5189263B392E00060577 /* Products */,
			);
			sourceTree = "<group>";
		};
		F40D5189263B392E00060577 /* Products */ = {
			isa = PBXGroup;
			children = (
				F40D5188263B392E00060577 /* winradio */,
			);
			name = Products;
			sourceTree = "<group>";
		};
		F40D518A263B392E00060577 /* winradio */ = {
			isa = PBXGroup;
			children = (
				F40D5192263B395000060577 /* Classes */,
				F40D518B263B392E00060577 /* main.m */,
			);
			path = winradio;
			sourceTree = "<group>";
		};
		F40D5192263B395000060577 /* Classes */ = {
			isa = PBXGroup;
			children = (
				F40D51A2263B548100060577 /* DeviceProtocol.h */,
				F40D5196263B397E00060577 /* SerialDevice.h */,
				F40D5197263B397E00060577 /* SerialDevice.m */,
				F40D5199263B4D4100060577 /* Radio.h */,
				F40D519A263B4D4100060577 /* Radio.m */,
				F40D519C263B4EF000060577 /* Settings.h */,
				F40D519D263B4EF000060577 /* Settings.m */,
				F40D519F263B4F3600060577 /* SettingsFactory.h */,
				F40D51A0263B4F3600060577 /* SettingsFactory.m */,
			);
			path = Classes;
			sourceTree = "<group>";
		};
/* End PBXGroup section */

/* Begin PBXNativeTarget section */
		F40D5187263B392E00060577 /* winradio */ = {
			isa = PBXNativeTarget;
			buildConfigurationList = F40D518F263B392E00060577 /* Build configuration list for PBXNativeTarget "winradio" */;
			buildPhases = (
				F40D5184263B392E00060577 /* Sources */,
				F40D5185263B392E00060577 /* Frameworks */,
				F40D5186263B392E00060577 /* CopyFiles */,
			);
			buildRules = (
			);
			dependencies = (
			);
			name = winradio;
			productName = winradio;
			productReference = F40D5188263B392E00060577 /* winradio */;
			productType = "com.apple.product-type.tool";
		};
/* End PBXNativeTarget section */

/* Begin PBXProject section */
		F40D5180263B392D00060577 /* Project object */ = {
			isa = PBXProject;
			attributes = {
				LastUpgradeCheck = 1170;
				ORGANIZATIONNAME = "Simon Gornall";
				TargetAttributes = {
					F40D5187263B392E00060577 = {
						CreatedOnToolsVersion = 11.7;
					};
				};
			};
			buildConfigurationList = F40D5183263B392D00060577 /* Build configuration list for PBXProject "winradio" */;
			compatibilityVersion = "Xcode 9.3";
			developmentRegion = en;
			hasScannedForEncodings = 0;
			knownRegions = (
				en,
				Base,
			);
			mainGroup = F40D517F263B392D00060577;
			productRefGroup = F40D5189263B392E00060577 /* Products */;
			projectDirPath = "";
			projectRoot = "";
			targets = (
				F40D5187263B392E00060577 /* winradio */,
			);
		};
/* End PBXProject section */

/* Begin PBXSourcesBuildPhase section */
		F40D5184263B392E00060577 /* Sources */ = {
			isa = PBXSourcesBuildPhase;
			buildActionMask = 2147483647;
			files = (
				F40D519B263B4D4100060577 /* Radio.m in Sources */,
				F40D518C263B392E00060577 /* main.m in Sources */,
				F40D519E263B4EF000060577 /* Settings.m in Sources */,
				F40D51A1263B4F3600060577 /* SettingsFactory.m in Sources */,
				F40D5198263B397E00060577 /* SerialDevice.m in Sources */,
			);
			runOnlyForDeploymentPostprocessing = 0;
		};
/* End PBXSourcesBuildPhase section */

/* Begin XCBuildConfiguration section */
		F40D518D263B392E00060577 /* Debug */ = {
			isa = XCBuildConfiguration;
			buildSettings = {
				ALWAYS_SEARCH_USER_PATHS = NO;
				CLANG_ANALYZER_NONNULL = YES;
				CLANG_ANALYZER_NUMBER_OBJECT_CONVERSION = YES_AGGRESSIVE;
				CLANG_CXX_LANGUAGE_STANDARD = "gnu++14";
				CLANG_CXX_LIBRARY = "libc++";
				CLANG_ENABLE_MODULES = YES;
				CLANG_ENABLE_OBJC_ARC = YES;
				CLANG_ENABLE_OBJC_WEAK = YES;
				CLANG_WARN_BLOCK_CAPTURE_AUTORELEASING = YES;
				CLANG_WARN_BOOL_CONVERSION = YES;
				CLANG_WARN_COMMA = YES;
				CLANG_WARN_CONSTANT_CONVERSION = YES;
				CLANG_WARN_DEPRECATED_OBJC_IMPLEMENTATIONS = YES;
				CLANG_WARN_DIRECT_OBJC_ISA_USAGE = YES_ERROR;
				CLANG_WARN_DOCUMENTATION_COMMENTS = YES;
				CLANG_WARN_EMPTY_BODY = YES;
				CLANG_WARN_ENUM_CONVERSION = YES;
				CLANG_WARN_INFINITE_RECURSION = YES;
				CLANG_WARN_INT_CONVERSION = YES;
				CLANG_WARN_NON_LITERAL_NULL_CONVERSION = YES;
				CLANG_WARN_OBJC_IMPLICIT_RETAIN_SELF = YES;
				CLANG_WARN_OBJC_LITERAL_CONVERSION = YES;
				CLANG_WARN_OBJC_ROOT_CLASS = YES_ERROR;
				CLANG_WARN_RANGE_LOOP_ANALYSIS = YES;
				CLANG_WARN_STRICT_PROTOTYPES = YES;
				CLANG_WARN_SUSPICIOUS_MOVE = YES;
				CLANG_WARN_UNGUARDED_AVAILABILITY = YES_AGGRESSIVE;
				CLANG_WARN_UNREACHABLE_CODE = YES;
				CLANG_WARN__DUPLICATE_METHOD_MATCH = YES;
				COPY_PHASE_STRIP = NO;
				DEBUG_INFORMATION_FORMAT = dwarf;
				ENABLE_STRICT_OBJC_MSGSEND = YES;
				ENABLE_TESTABILITY = YES;
				GCC_C_LANGUAGE_STANDARD = gnu11;
				GCC_DYNAMIC_NO_PIC = NO;
				GCC_NO_COMMON_BLOCKS = YES;
				GCC_OPTIMIZATION_LEVEL = 0;
				GCC_PREPROCESSOR_DEFINITIONS = (
					"DEBUG=1",
					"$(inherited)",
				);
				GCC_WARN_64_TO_32_BIT_CONVERSION = YES;
				GCC_WARN_ABOUT_RETURN_TYPE = YES_ERROR;
				GCC_WARN_UNDECLARED_SELECTOR = YES;
				GCC_WARN_UNINITIALIZED_AUTOS = YES_AGGRESSIVE;
				GCC_WARN_UNUSED_FUNCTION = YES;
				GCC_WARN_UNUSED_VARIABLE = YES;
				MACOSX_DEPLOYMENT_TARGET = 10.15;
				MTL_ENABLE_DEBUG_INFO = INCLUDE_SOURCE;
				MTL_FAST_MATH = YES;
				ONLY_ACTIVE_ARCH = YES;
				SDKROOT = macosx;
			};
			name = Debug;
		};
		F40D518E263B392E00060577 /* Release */ = {
			isa = XCBuildConfiguration;
			buildSettings = {
				ALWAYS_SEARCH_USER_PATHS = NO;
				CLANG_ANALYZER_NONNULL = YES;
				CLANG_ANALYZER_NUMBER_OBJECT_CONVERSION = YES_AGGRESSIVE;
				CLANG_CXX_LANGUAGE_STANDARD = "gnu++14";
				CLANG_CXX_LIBRARY = "libc++";
				CLANG_ENABLE_MODULES = YES;
				CLANG_ENABLE_OBJC_ARC = YES;
				CLANG_ENABLE_OBJC_WEAK = YES;
				CLANG_WARN_BLOCK_CAPTURE_AUTORELEASING = YES;
				CLANG_WARN_BOOL_CONVERSION = YES;
				CLANG_WARN_COMMA = YES;
				CLANG_WARN_CONSTANT_CONVERSION = YES;
				CLANG_WARN_DEPRECATED_OBJC_IMPLEMENTATIONS = YES;
				CLANG_WARN_DIRECT_OBJC_ISA_USAGE = YES_ERROR;
				CLANG_WARN_DOCUMENTATION_COMMENTS = YES;
				CLANG_WARN_EMPTY_BODY = YES;
				CLANG_WARN_ENUM_CONVERSION = YES;
				CLANG_WARN_INFINITE_RECURSION = YES;
				CLANG_WARN_INT_CONVERSION = YES;
				CLANG_WARN_NON_LITERAL_NULL_CONVERSION = YES;
				CLANG_WARN_OBJC_IMPLICIT_RETAIN_SELF = YES;
				CLANG_WARN_OBJC_LITERAL_CONVERSION = YES;
				CLANG_WARN_OBJC_ROOT_CLASS = YES_ERROR;
				CLANG_WARN_RANGE_LOOP_ANALYSIS = YES;
				CLANG_WARN_STRICT_PROTOTYPES = YES;
				CLANG_WARN_SUSPICIOUS_MOVE = YES;
				CLANG_WARN_UNGUARDED_AVAILABILITY = YES_AGGRESSIVE;
				CLANG_WARN_UNREACHABLE_CODE = YES;
				CLANG_WARN__DUPLICATE_METHOD_MATCH = YES;
				COPY_PHASE_STRIP = NO;
				DEBUG_INFORMATION_FORMAT = "dwarf-with-dsym";
				ENABLE_NS_ASSERTIONS = NO;
				ENABLE_STRICT_OBJC_MSGSEND = YES;
				GCC_C_LANGUAGE_STANDARD = gnu11;
				GCC_NO_COMMON_BLOCKS = YES;
				GCC_WARN_64_TO_32_BIT_CONVERSION = YES;
				GCC_WARN_ABOUT_RETURN_TYPE = YES_ERROR;
				GCC_WARN_UNDECLARED_SELECTOR = YES;
				GCC_WARN_UNINITIALIZED_AUTOS = YES_AGGRESSIVE;
				GCC_WARN_UNUSED_FUNCTION = YES;
				GCC_WARN_UNUSED_VARIABLE = YES;
				MACOSX_DEPLOYMENT_TARGET = 10.15;
				MTL_ENABLE_DEBUG_INFO = NO;
				MTL_FAST_MATH = YES;
				SDKROOT = macosx;
			};
			name = Release;
		};
		F40D5190263B392E00060577 /* Debug */ = {
			isa = XCBuildConfiguration;
			buildSettings = {
				CODE_SIGN_STYLE = Automatic;
				PRODUCT_NAME = "$(TARGET_NAME)";
			};
			name = Debug;
		};
		F40D5191263B392E00060577 /* Release */ = {
			isa = XCBuildConfiguration;
			buildSettings = {
				CODE_SIGN_STYLE = Automatic;
				PRODUCT_NAME = "$(TARGET_NAME)";
			};
			name = Release;
		};
/* End XCBuildConfiguration section */

/* Begin XCConfigurationList section */
		F40D5183263B392D00060577 /* Build configuration list for PBXProject "winradio" */ = {
			isa = XCConfigurationList;
			buildConfigurations = (
				F40D518D263B392E00060577 /* Debug */,
				F40D518E263B392E00060577 /* Release */,
			);
			defaultConfigurationIsVisible = 0;
			defaultConfigurationName = Release;
		};
		F40D518F263B392E00060577 /* Build configuration list for PBXNativeTarget "winradio" */ = {
			isa = XCConfigurationList;
			buildConfigurations = (
				F40D5190263B392E00060577 /* Debug */,
				F40D5191263B392E00060577 /* Release */,
			);
			defaultConfigurationIsVisible = 0;
			defaultConfigurationName = Release;
		};
/* End XCConfigurationList section */
	};
	rootObject = F40D5180263B392D00060577 /* Project object */;
}
